// !$*UTF8*$!
{
	archiveVersion = 1;
	classes = {
	};
	objectVersion = 46;
	objects = {

/* Begin PBXBuildFile section */
		032152F018A6F6E300C86159 /* Foundation.framework in Frameworks */ = {isa = PBXBuildFile; fileRef = 032152EF18A6F6E300C86159 /* Foundation.framework */; };
		032152F218A6F6E300C86159 /* CoreGraphics.framework in Frameworks */ = {isa = PBXBuildFile; fileRef = 032152F118A6F6E300C86159 /* CoreGraphics.framework */; };
		032152F418A6F6E300C86159 /* UIKit.framework in Frameworks */ = {isa = PBXBuildFile; fileRef = 032152F318A6F6E300C86159 /* UIKit.framework */; };
		032152FA18A6F6E300C86159 /* InfoPlist.strings in Resources */ = {isa = PBXBuildFile; fileRef = 032152F818A6F6E300C86159 /* InfoPlist.strings */; };
		032152FC18A6F6E300C86159 /* main.m in Sources */ = {isa = PBXBuildFile; fileRef = 032152FB18A6F6E300C86159 /* main.m */; };
		0321530318A6F6E300C86159 /* Main.storyboard in Resources */ = {isa = PBXBuildFile; fileRef = 0321530118A6F6E300C86159 /* Main.storyboard */; };
		0321530818A6F6E300C86159 /* Images.xcassets in Resources */ = {isa = PBXBuildFile; fileRef = 0321530718A6F6E300C86159 /* Images.xcassets */; };
		0321530F18A6F6E300C86159 /* XCTest.framework in Frameworks */ = {isa = PBXBuildFile; fileRef = 0321530E18A6F6E300C86159 /* XCTest.framework */; };
		0321531018A6F6E300C86159 /* Foundation.framework in Frameworks */ = {isa = PBXBuildFile; fileRef = 032152EF18A6F6E300C86159 /* Foundation.framework */; };
		0321531118A6F6E300C86159 /* UIKit.framework in Frameworks */ = {isa = PBXBuildFile; fileRef = 032152F318A6F6E300C86159 /* UIKit.framework */; };
		0321531918A6F6E300C86159 /* InfoPlist.strings in Resources */ = {isa = PBXBuildFile; fileRef = 0321531718A6F6E300C86159 /* InfoPlist.strings */; };
		0321531B18A6F6E300C86159 /* PebbleLIFXTests.m in Sources */ = {isa = PBXBuildFile; fileRef = 0321531A18A6F6E300C86159 /* PebbleLIFXTests.m */; };
		0321533918A6F84600C86159 /* AFHTTPRequestOperation.m in Sources */ = {isa = PBXBuildFile; fileRef = 0321532718A6F84600C86159 /* AFHTTPRequestOperation.m */; };
		0321533A18A6F84600C86159 /* AFHTTPRequestOperationManager.m in Sources */ = {isa = PBXBuildFile; fileRef = 0321532918A6F84600C86159 /* AFHTTPRequestOperationManager.m */; };
		0321533B18A6F84600C86159 /* AFHTTPSessionManager.m in Sources */ = {isa = PBXBuildFile; fileRef = 0321532B18A6F84600C86159 /* AFHTTPSessionManager.m */; };
		0321533C18A6F84600C86159 /* AFNetworkReachabilityManager.m in Sources */ = {isa = PBXBuildFile; fileRef = 0321532E18A6F84600C86159 /* AFNetworkReachabilityManager.m */; };
		0321533D18A6F84600C86159 /* AFSecurityPolicy.m in Sources */ = {isa = PBXBuildFile; fileRef = 0321533018A6F84600C86159 /* AFSecurityPolicy.m */; };
		0321533E18A6F84600C86159 /* AFURLConnectionOperation.m in Sources */ = {isa = PBXBuildFile; fileRef = 0321533218A6F84600C86159 /* AFURLConnectionOperation.m */; };
		0321533F18A6F84600C86159 /* AFURLRequestSerialization.m in Sources */ = {isa = PBXBuildFile; fileRef = 0321533418A6F84600C86159 /* AFURLRequestSerialization.m */; };
		0321534018A6F84600C86159 /* AFURLResponseSerialization.m in Sources */ = {isa = PBXBuildFile; fileRef = 0321533618A6F84600C86159 /* AFURLResponseSerialization.m */; };
		0321534118A6F84600C86159 /* AFURLSessionManager.m in Sources */ = {isa = PBXBuildFile; fileRef = 0321533818A6F84600C86159 /* AFURLSessionManager.m */; };
		0321534418A6F85C00C86159 /* PebbleKit.framework in Frameworks */ = {isa = PBXBuildFile; fileRef = 0321534218A6F85C00C86159 /* PebbleKit.framework */; };
		0321534518A6F85C00C86159 /* PebbleVendor.framework in Frameworks */ = {isa = PBXBuildFile; fileRef = 0321534318A6F85C00C86159 /* PebbleVendor.framework */; };
		0321534718A6F8AD00C86159 /* ExternalAccessory.framework in Frameworks */ = {isa = PBXBuildFile; fileRef = 0321534618A6F8AD00C86159 /* ExternalAccessory.framework */; };
		0321534918A6F8B700C86159 /* libz.dylib in Frameworks */ = {isa = PBXBuildFile; fileRef = 0321534818A6F8B700C86159 /* libz.dylib */; };
		0321534B18A6F8BC00C86159 /* CoreBluetooth.framework in Frameworks */ = {isa = PBXBuildFile; fileRef = 0321534A18A6F8BC00C86159 /* CoreBluetooth.framework */; };
		0321534D18A6F8C500C86159 /* CoreMotion.framework in Frameworks */ = {isa = PBXBuildFile; fileRef = 0321534C18A6F8C500C86159 /* CoreMotion.framework */; };
		0321534F18A6F8CA00C86159 /* MessageUI.framework in Frameworks */ = {isa = PBXBuildFile; fileRef = 0321534E18A6F8CA00C86159 /* MessageUI.framework */; };
		0321535218A6FB4C00C86159 /* PLFConnectedTableViewCell.m in Sources */ = {isa = PBXBuildFile; fileRef = 0321535118A6FB4C00C86159 /* PLFConnectedTableViewCell.m */; };
		0321535518A6FD2800C86159 /* PLFColor.m in Sources */ = {isa = PBXBuildFile; fileRef = 0321535418A6FD2800C86159 /* PLFColor.m */; };
		0321535B18A704C600C86159 /* PLFColorTableViewCell.m in Sources */ = {isa = PBXBuildFile; fileRef = 0321535A18A704C600C86159 /* PLFColorTableViewCell.m */; };
		0321535E18A70D1800C86159 /* PLFSettingsViewController.m in Sources */ = {isa = PBXBuildFile; fileRef = 0321535D18A70D1800C86159 /* PLFSettingsViewController.m */; };
		0321536118A7139A00C86159 /* Localizable.strings in Resources */ = {isa = PBXBuildFile; fileRef = 0321535F18A7139A00C86159 /* Localizable.strings */; };
		0321536418A713DF00C86159 /* PLFSettingTableViewCell.m in Sources */ = {isa = PBXBuildFile; fileRef = 0321536318A713DF00C86159 /* PLFSettingTableViewCell.m */; };
		0321536718A713F500C86159 /* PLFColorView.m in Sources */ = {isa = PBXBuildFile; fileRef = 0321536618A713F500C86159 /* PLFColorView.m */; };
		0321536A18A713FC00C86159 /* PLFViewController.m in Sources */ = {isa = PBXBuildFile; fileRef = 0321536918A713FC00C86159 /* PLFViewController.m */; };
		0321536D18A7140500C86159 /* PLFAppDelegate.m in Sources */ = {isa = PBXBuildFile; fileRef = 0321536C18A7140500C86159 /* PLFAppDelegate.m */; };
		0321537018A7170100C86159 /* NSUserDefaults+PLFPreferences.m in Sources */ = {isa = PBXBuildFile; fileRef = 0321536F18A7170100C86159 /* NSUserDefaults+PLFPreferences.m */; };
		0321537218A7178100C86159 /* Defaults.plist in Resources */ = {isa = PBXBuildFile; fileRef = 0321537118A7178100C86159 /* Defaults.plist */; };
		0321538718A7199A00C86159 /* libMantle-iOS.a in Frameworks */ = {isa = PBXBuildFile; fileRef = 0321538218A7197900C86159 /* libMantle-iOS.a */; };
		0321538C18A71BFD00C86159 /* LIFXSessionManager.m in Sources */ = {isa = PBXBuildFile; fileRef = 0321538B18A71BFD00C86159 /* LIFXSessionManager.m */; };
		03976ED618A71E34008FE84C /* PLFColorPickerViewController.m in Sources */ = {isa = PBXBuildFile; fileRef = 03976ED518A71E33008FE84C /* PLFColorPickerViewController.m */; };
		03976F0118A71F87008FE84C /* ANImageBitmapRep.m in Sources */ = {isa = PBXBuildFile; fileRef = 03976EDB18A71F87008FE84C /* ANImageBitmapRep.m */; };
		03976F0218A71F87008FE84C /* BitmapContextRep.m in Sources */ = {isa = PBXBuildFile; fileRef = 03976EDD18A71F87008FE84C /* BitmapContextRep.m */; };
		03976F0318A71F87008FE84C /* NSImage+ANImageBitmapRep.m in Sources */ = {isa = PBXBuildFile; fileRef = 03976EE018A71F87008FE84C /* NSImage+ANImageBitmapRep.m */; };
		03976F0418A71F87008FE84C /* OSCommonImage.m in Sources */ = {isa = PBXBuildFile; fileRef = 03976EE218A71F87008FE84C /* OSCommonImage.m */; };
		03976F0518A71F87008FE84C /* UIImage+ANImageBitmapRep.m in Sources */ = {isa = PBXBuildFile; fileRef = 03976EE418A71F87008FE84C /* UIImage+ANImageBitmapRep.m */; };
		03976F0618A71F87008FE84C /* CGContextCreator.m in Sources */ = {isa = PBXBuildFile; fileRef = 03976EE718A71F87008FE84C /* CGContextCreator.m */; };
		03976F0718A71F87008FE84C /* CGImageContainer.m in Sources */ = {isa = PBXBuildFile; fileRef = 03976EE918A71F87008FE84C /* CGImageContainer.m */; };
		03976F0818A71F87008FE84C /* BitmapContextManipulator.m in Sources */ = {isa = PBXBuildFile; fileRef = 03976EEC18A71F87008FE84C /* BitmapContextManipulator.m */; };
		03976F0918A71F87008FE84C /* BitmapCropManipulator.m in Sources */ = {isa = PBXBuildFile; fileRef = 03976EEE18A71F87008FE84C /* BitmapCropManipulator.m */; };
		03976F0A18A71F87008FE84C /* BitmapDrawManipulator.m in Sources */ = {isa = PBXBuildFile; fileRef = 03976EF018A71F87008FE84C /* BitmapDrawManipulator.m */; };
		03976F0B18A71F87008FE84C /* BitmapRotationManipulator.m in Sources */ = {isa = PBXBuildFile; fileRef = 03976EF218A71F87008FE84C /* BitmapRotationManipulator.m */; };
		03976F0C18A71F87008FE84C /* BitmapScaleManipulator.m in Sources */ = {isa = PBXBuildFile; fileRef = 03976EF418A71F87008FE84C /* BitmapScaleManipulator.m */; };
		03976F0D18A71F87008FE84C /* BGRSLoupeLayer.m in Sources */ = {isa = PBXBuildFile; fileRef = 03976EF618A71F87008FE84C /* BGRSLoupeLayer.m */; };
		03976F0E18A71F87008FE84C /* RSColorFunctions.m in Sources */ = {isa = PBXBuildFile; fileRef = 03976EF818A71F87008FE84C /* RSColorFunctions.m */; };
		03976F0F18A71F87008FE84C /* RSColorPickerState.m in Sources */ = {isa = PBXBuildFile; fileRef = 03976EFA18A71F87008FE84C /* RSColorPickerState.m */; };
		03976F1018A71F87008FE84C /* RSColorPickerView.m in Sources */ = {isa = PBXBuildFile; fileRef = 03976EFC18A71F87008FE84C /* RSColorPickerView.m */; };
		03976F1118A71F87008FE84C /* RSGenerateOperation.m in Sources */ = {isa = PBXBuildFile; fileRef = 03976EFE18A71F87008FE84C /* RSGenerateOperation.m */; };
		03976F1218A71F87008FE84C /* RSSelectionView.m in Sources */ = {isa = PBXBuildFile; fileRef = 03976F0018A71F87008FE84C /* RSSelectionView.m */; };
		03976F1518A73055008FE84C /* LIFXBulbStub.m in Sources */ = {isa = PBXBuildFile; fileRef = 03976F1418A73055008FE84C /* LIFXBulbStub.m */; };
		03976F1B18A7342B008FE84C /* PLFBulbTableViewCell.m in Sources */ = {isa = PBXBuildFile; fileRef = 03976F1A18A7342B008FE84C /* PLFBulbTableViewCell.m */; };
/* End PBXBuildFile section */

/* Begin PBXContainerItemProxy section */
		0321531218A6F6E300C86159 /* PBXContainerItemProxy */ = {
			isa = PBXContainerItemProxy;
			containerPortal = 032152E418A6F6E300C86159 /* Project object */;
			proxyType = 1;
			remoteGlobalIDString = 032152EB18A6F6E300C86159;
			remoteInfo = PebbleLIFX;
		};
		0321537D18A7197900C86159 /* PBXContainerItemProxy */ = {
			isa = PBXContainerItemProxy;
			containerPortal = 0321537318A7197900C86159 /* Mantle.xcodeproj */;
			proxyType = 2;
			remoteGlobalIDString = D042FC3C15F72B23004E8054;
			remoteInfo = Mantle;
		};
		0321537F18A7197900C86159 /* PBXContainerItemProxy */ = {
			isa = PBXContainerItemProxy;
			containerPortal = 0321537318A7197900C86159 /* Mantle.xcodeproj */;
			proxyType = 2;
			remoteGlobalIDString = D042FC5415F72B23004E8054;
			remoteInfo = "Mantle Tests";
		};
		0321538118A7197900C86159 /* PBXContainerItemProxy */ = {
			isa = PBXContainerItemProxy;
			containerPortal = 0321537318A7197900C86159 /* Mantle.xcodeproj */;
			proxyType = 2;
			remoteGlobalIDString = D042FC7915F72BC7004E8054;
			remoteInfo = "Mantle-iOS";
		};
		0321538318A7197900C86159 /* PBXContainerItemProxy */ = {
			isa = PBXContainerItemProxy;
			containerPortal = 0321537318A7197900C86159 /* Mantle.xcodeproj */;
			proxyType = 2;
			remoteGlobalIDString = D042FC8715F72BC7004E8054;
			remoteInfo = "Mantle-iOS Tests";
		};
		0321538518A7197900C86159 /* PBXContainerItemProxy */ = {
			isa = PBXContainerItemProxy;
			containerPortal = 0321537318A7197900C86159 /* Mantle.xcodeproj */;
			proxyType = 2;
			remoteGlobalIDString = D0A56B461804B04900A84EDC;
			remoteInfo = "Mantle-Mac";
		};
		0321538818A71B4800C86159 /* PBXContainerItemProxy */ = {
			isa = PBXContainerItemProxy;
			containerPortal = 0321537318A7197900C86159 /* Mantle.xcodeproj */;
			proxyType = 1;
			remoteGlobalIDString = D042FC7815F72BC7004E8054;
			remoteInfo = "Mantle-iOS";
		};
/* End PBXContainerItemProxy section */

/* Begin PBXFileReference section */
		032152EC18A6F6E300C86159 /* PebbleLIFX.app */ = {isa = PBXFileReference; explicitFileType = wrapper.application; includeInIndex = 0; path = PebbleLIFX.app; sourceTree = BUILT_PRODUCTS_DIR; };
		032152EF18A6F6E300C86159 /* Foundation.framework */ = {isa = PBXFileReference; lastKnownFileType = wrapper.framework; name = Foundation.framework; path = System/Library/Frameworks/Foundation.framework; sourceTree = SDKROOT; };
		032152F118A6F6E300C86159 /* CoreGraphics.framework */ = {isa = PBXFileReference; lastKnownFileType = wrapper.framework; name = CoreGraphics.framework; path = System/Library/Frameworks/CoreGraphics.framework; sourceTree = SDKROOT; };
		032152F318A6F6E300C86159 /* UIKit.framework */ = {isa = PBXFileReference; lastKnownFileType = wrapper.framework; name = UIKit.framework; path = System/Library/Frameworks/UIKit.framework; sourceTree = SDKROOT; };
		032152F718A6F6E300C86159 /* PebbleLIFX-Info.plist */ = {isa = PBXFileReference; lastKnownFileType = text.plist.xml; path = "PebbleLIFX-Info.plist"; sourceTree = "<group>"; };
		032152F918A6F6E300C86159 /* en */ = {isa = PBXFileReference; lastKnownFileType = text.plist.strings; name = en; path = en.lproj/InfoPlist.strings; sourceTree = "<group>"; };
		032152FB18A6F6E300C86159 /* main.m */ = {isa = PBXFileReference; lastKnownFileType = sourcecode.c.objc; path = main.m; sourceTree = "<group>"; };
		032152FD18A6F6E300C86159 /* PebbleLIFX-Prefix.pch */ = {isa = PBXFileReference; lastKnownFileType = sourcecode.c.h; path = "PebbleLIFX-Prefix.pch"; sourceTree = "<group>"; };
		0321530218A6F6E300C86159 /* Base */ = {isa = PBXFileReference; lastKnownFileType = file.storyboard; name = Base; path = Base.lproj/Main.storyboard; sourceTree = "<group>"; };
		0321530718A6F6E300C86159 /* Images.xcassets */ = {isa = PBXFileReference; lastKnownFileType = folder.assetcatalog; path = Images.xcassets; sourceTree = "<group>"; };
		0321530D18A6F6E300C86159 /* PebbleLIFXTests.xctest */ = {isa = PBXFileReference; explicitFileType = wrapper.cfbundle; includeInIndex = 0; path = PebbleLIFXTests.xctest; sourceTree = BUILT_PRODUCTS_DIR; };
		0321530E18A6F6E300C86159 /* XCTest.framework */ = {isa = PBXFileReference; lastKnownFileType = wrapper.framework; name = XCTest.framework; path = Library/Frameworks/XCTest.framework; sourceTree = DEVELOPER_DIR; };
		0321531618A6F6E300C86159 /* PebbleLIFXTests-Info.plist */ = {isa = PBXFileReference; lastKnownFileType = text.plist.xml; path = "PebbleLIFXTests-Info.plist"; sourceTree = "<group>"; };
		0321531818A6F6E300C86159 /* en */ = {isa = PBXFileReference; lastKnownFileType = text.plist.strings; name = en; path = en.lproj/InfoPlist.strings; sourceTree = "<group>"; };
		0321531A18A6F6E300C86159 /* PebbleLIFXTests.m */ = {isa = PBXFileReference; lastKnownFileType = sourcecode.c.objc; path = PebbleLIFXTests.m; sourceTree = "<group>"; };
		0321532618A6F84600C86159 /* AFHTTPRequestOperation.h */ = {isa = PBXFileReference; fileEncoding = 4; lastKnownFileType = sourcecode.c.h; path = AFHTTPRequestOperation.h; sourceTree = "<group>"; };
		0321532718A6F84600C86159 /* AFHTTPRequestOperation.m */ = {isa = PBXFileReference; fileEncoding = 4; lastKnownFileType = sourcecode.c.objc; path = AFHTTPRequestOperation.m; sourceTree = "<group>"; };
		0321532818A6F84600C86159 /* AFHTTPRequestOperationManager.h */ = {isa = PBXFileReference; fileEncoding = 4; lastKnownFileType = sourcecode.c.h; path = AFHTTPRequestOperationManager.h; sourceTree = "<group>"; };
		0321532918A6F84600C86159 /* AFHTTPRequestOperationManager.m */ = {isa = PBXFileReference; fileEncoding = 4; lastKnownFileType = sourcecode.c.objc; path = AFHTTPRequestOperationManager.m; sourceTree = "<group>"; };
		0321532A18A6F84600C86159 /* AFHTTPSessionManager.h */ = {isa = PBXFileReference; fileEncoding = 4; lastKnownFileType = sourcecode.c.h; path = AFHTTPSessionManager.h; sourceTree = "<group>"; };
		0321532B18A6F84600C86159 /* AFHTTPSessionManager.m */ = {isa = PBXFileReference; fileEncoding = 4; lastKnownFileType = sourcecode.c.objc; path = AFHTTPSessionManager.m; sourceTree = "<group>"; };
		0321532C18A6F84600C86159 /* AFNetworking.h */ = {isa = PBXFileReference; fileEncoding = 4; lastKnownFileType = sourcecode.c.h; path = AFNetworking.h; sourceTree = "<group>"; };
		0321532D18A6F84600C86159 /* AFNetworkReachabilityManager.h */ = {isa = PBXFileReference; fileEncoding = 4; lastKnownFileType = sourcecode.c.h; path = AFNetworkReachabilityManager.h; sourceTree = "<group>"; };
		0321532E18A6F84600C86159 /* AFNetworkReachabilityManager.m */ = {isa = PBXFileReference; fileEncoding = 4; lastKnownFileType = sourcecode.c.objc; path = AFNetworkReachabilityManager.m; sourceTree = "<group>"; };
		0321532F18A6F84600C86159 /* AFSecurityPolicy.h */ = {isa = PBXFileReference; fileEncoding = 4; lastKnownFileType = sourcecode.c.h; path = AFSecurityPolicy.h; sourceTree = "<group>"; };
		0321533018A6F84600C86159 /* AFSecurityPolicy.m */ = {isa = PBXFileReference; fileEncoding = 4; lastKnownFileType = sourcecode.c.objc; path = AFSecurityPolicy.m; sourceTree = "<group>"; };
		0321533118A6F84600C86159 /* AFURLConnectionOperation.h */ = {isa = PBXFileReference; fileEncoding = 4; lastKnownFileType = sourcecode.c.h; path = AFURLConnectionOperation.h; sourceTree = "<group>"; };
		0321533218A6F84600C86159 /* AFURLConnectionOperation.m */ = {isa = PBXFileReference; fileEncoding = 4; lastKnownFileType = sourcecode.c.objc; path = AFURLConnectionOperation.m; sourceTree = "<group>"; };
		0321533318A6F84600C86159 /* AFURLRequestSerialization.h */ = {isa = PBXFileReference; fileEncoding = 4; lastKnownFileType = sourcecode.c.h; path = AFURLRequestSerialization.h; sourceTree = "<group>"; };
		0321533418A6F84600C86159 /* AFURLRequestSerialization.m */ = {isa = PBXFileReference; fileEncoding = 4; lastKnownFileType = sourcecode.c.objc; path = AFURLRequestSerialization.m; sourceTree = "<group>"; };
		0321533518A6F84600C86159 /* AFURLResponseSerialization.h */ = {isa = PBXFileReference; fileEncoding = 4; lastKnownFileType = sourcecode.c.h; path = AFURLResponseSerialization.h; sourceTree = "<group>"; };
		0321533618A6F84600C86159 /* AFURLResponseSerialization.m */ = {isa = PBXFileReference; fileEncoding = 4; lastKnownFileType = sourcecode.c.objc; path = AFURLResponseSerialization.m; sourceTree = "<group>"; };
		0321533718A6F84600C86159 /* AFURLSessionManager.h */ = {isa = PBXFileReference; fileEncoding = 4; lastKnownFileType = sourcecode.c.h; path = AFURLSessionManager.h; sourceTree = "<group>"; };
		0321533818A6F84600C86159 /* AFURLSessionManager.m */ = {isa = PBXFileReference; fileEncoding = 4; lastKnownFileType = sourcecode.c.objc; path = AFURLSessionManager.m; sourceTree = "<group>"; };
		0321534218A6F85C00C86159 /* PebbleKit.framework */ = {isa = PBXFileReference; lastKnownFileType = wrapper.framework; name = PebbleKit.framework; path = External/PebbleKit.framework; sourceTree = "<group>"; };
		0321534318A6F85C00C86159 /* PebbleVendor.framework */ = {isa = PBXFileReference; lastKnownFileType = wrapper.framework; name = PebbleVendor.framework; path = External/PebbleVendor.framework; sourceTree = "<group>"; };
		0321534618A6F8AD00C86159 /* ExternalAccessory.framework */ = {isa = PBXFileReference; lastKnownFileType = wrapper.framework; name = ExternalAccessory.framework; path = System/Library/Frameworks/ExternalAccessory.framework; sourceTree = SDKROOT; };
		0321534818A6F8B700C86159 /* libz.dylib */ = {isa = PBXFileReference; lastKnownFileType = "compiled.mach-o.dylib"; name = libz.dylib; path = usr/lib/libz.dylib; sourceTree = SDKROOT; };
		0321534A18A6F8BC00C86159 /* CoreBluetooth.framework */ = {isa = PBXFileReference; lastKnownFileType = wrapper.framework; name = CoreBluetooth.framework; path = System/Library/Frameworks/CoreBluetooth.framework; sourceTree = SDKROOT; };
		0321534C18A6F8C500C86159 /* CoreMotion.framework */ = {isa = PBXFileReference; lastKnownFileType = wrapper.framework; name = CoreMotion.framework; path = System/Library/Frameworks/CoreMotion.framework; sourceTree = SDKROOT; };
		0321534E18A6F8CA00C86159 /* MessageUI.framework */ = {isa = PBXFileReference; lastKnownFileType = wrapper.framework; name = MessageUI.framework; path = System/Library/Frameworks/MessageUI.framework; sourceTree = SDKROOT; };
		0321535018A6FB4C00C86159 /* PLFConnectedTableViewCell.h */ = {isa = PBXFileReference; fileEncoding = 4; lastKnownFileType = sourcecode.c.h; name = PLFConnectedTableViewCell.h; path = Classes/PLFConnectedTableViewCell.h; sourceTree = "<group>"; };
		0321535118A6FB4C00C86159 /* PLFConnectedTableViewCell.m */ = {isa = PBXFileReference; fileEncoding = 4; lastKnownFileType = sourcecode.c.objc; name = PLFConnectedTableViewCell.m; path = Classes/PLFConnectedTableViewCell.m; sourceTree = "<group>"; };
		0321535318A6FD2800C86159 /* PLFColor.h */ = {isa = PBXFileReference; fileEncoding = 4; lastKnownFileType = sourcecode.c.h; name = PLFColor.h; path = Classes/PLFColor.h; sourceTree = "<group>"; };
		0321535418A6FD2800C86159 /* PLFColor.m */ = {isa = PBXFileReference; fileEncoding = 4; lastKnownFileType = sourcecode.c.objc; name = PLFColor.m; path = Classes/PLFColor.m; sourceTree = "<group>"; };
		0321535918A704C600C86159 /* PLFColorTableViewCell.h */ = {isa = PBXFileReference; fileEncoding = 4; lastKnownFileType = sourcecode.c.h; name = PLFColorTableViewCell.h; path = Classes/PLFColorTableViewCell.h; sourceTree = "<group>"; };
		0321535A18A704C600C86159 /* PLFColorTableViewCell.m */ = {isa = PBXFileReference; fileEncoding = 4; lastKnownFileType = sourcecode.c.objc; name = PLFColorTableViewCell.m; path = Classes/PLFColorTableViewCell.m; sourceTree = "<group>"; };
		0321535C18A70D1800C86159 /* PLFSettingsViewController.h */ = {isa = PBXFileReference; fileEncoding = 4; lastKnownFileType = sourcecode.c.h; name = PLFSettingsViewController.h; path = Classes/PLFSettingsViewController.h; sourceTree = "<group>"; };
		0321535D18A70D1800C86159 /* PLFSettingsViewController.m */ = {isa = PBXFileReference; fileEncoding = 4; lastKnownFileType = sourcecode.c.objc; name = PLFSettingsViewController.m; path = Classes/PLFSettingsViewController.m; sourceTree = "<group>"; };
		0321536018A7139A00C86159 /* en */ = {isa = PBXFileReference; lastKnownFileType = text.plist.strings; name = en; path = en.lproj/Localizable.strings; sourceTree = "<group>"; };
		0321536218A713DF00C86159 /* PLFSettingTableViewCell.h */ = {isa = PBXFileReference; fileEncoding = 4; lastKnownFileType = sourcecode.c.h; name = PLFSettingTableViewCell.h; path = Classes/PLFSettingTableViewCell.h; sourceTree = "<group>"; };
		0321536318A713DF00C86159 /* PLFSettingTableViewCell.m */ = {isa = PBXFileReference; fileEncoding = 4; lastKnownFileType = sourcecode.c.objc; name = PLFSettingTableViewCell.m; path = Classes/PLFSettingTableViewCell.m; sourceTree = "<group>"; };
		0321536518A713F500C86159 /* PLFColorView.h */ = {isa = PBXFileReference; fileEncoding = 4; lastKnownFileType = sourcecode.c.h; name = PLFColorView.h; path = Classes/PLFColorView.h; sourceTree = "<group>"; };
		0321536618A713F500C86159 /* PLFColorView.m */ = {isa = PBXFileReference; fileEncoding = 4; lastKnownFileType = sourcecode.c.objc; name = PLFColorView.m; path = Classes/PLFColorView.m; sourceTree = "<group>"; };
		0321536818A713FC00C86159 /* PLFViewController.h */ = {isa = PBXFileReference; fileEncoding = 4; lastKnownFileType = sourcecode.c.h; name = PLFViewController.h; path = Classes/PLFViewController.h; sourceTree = "<group>"; };
		0321536918A713FC00C86159 /* PLFViewController.m */ = {isa = PBXFileReference; fileEncoding = 4; lastKnownFileType = sourcecode.c.objc; name = PLFViewController.m; path = Classes/PLFViewController.m; sourceTree = "<group>"; };
		0321536B18A7140500C86159 /* PLFAppDelegate.h */ = {isa = PBXFileReference; fileEncoding = 4; lastKnownFileType = sourcecode.c.h; name = PLFAppDelegate.h; path = Classes/PLFAppDelegate.h; sourceTree = "<group>"; };
		0321536C18A7140500C86159 /* PLFAppDelegate.m */ = {isa = PBXFileReference; fileEncoding = 4; lastKnownFileType = sourcecode.c.objc; name = PLFAppDelegate.m; path = Classes/PLFAppDelegate.m; sourceTree = "<group>"; };
		0321536E18A7170100C86159 /* NSUserDefaults+PLFPreferences.h */ = {isa = PBXFileReference; fileEncoding = 4; lastKnownFileType = sourcecode.c.h; name = "NSUserDefaults+PLFPreferences.h"; path = "Categories/NSUserDefaults+PLFPreferences.h"; sourceTree = "<group>"; };
		0321536F18A7170100C86159 /* NSUserDefaults+PLFPreferences.m */ = {isa = PBXFileReference; fileEncoding = 4; lastKnownFileType = sourcecode.c.objc; name = "NSUserDefaults+PLFPreferences.m"; path = "Categories/NSUserDefaults+PLFPreferences.m"; sourceTree = "<group>"; };
		0321537118A7178100C86159 /* Defaults.plist */ = {isa = PBXFileReference; fileEncoding = 4; lastKnownFileType = text.plist.xml; path = Defaults.plist; sourceTree = "<group>"; };
		0321537318A7197900C86159 /* Mantle.xcodeproj */ = {isa = PBXFileReference; lastKnownFileType = "wrapper.pb-project"; name = Mantle.xcodeproj; path = External/Mantle/Mantle.xcodeproj; sourceTree = SOURCE_ROOT; };
		0321538A18A71BFD00C86159 /* LIFXSessionManager.h */ = {isa = PBXFileReference; fileEncoding = 4; lastKnownFileType = sourcecode.c.h; name = LIFXSessionManager.h; path = Classes/LIFXSessionManager.h; sourceTree = "<group>"; };
		0321538B18A71BFD00C86159 /* LIFXSessionManager.m */ = {isa = PBXFileReference; fileEncoding = 4; lastKnownFileType = sourcecode.c.objc; name = LIFXSessionManager.m; path = Classes/LIFXSessionManager.m; sourceTree = "<group>"; };
		03976ED418A71E33008FE84C /* PLFColorPickerViewController.h */ = {isa = PBXFileReference; fileEncoding = 4; lastKnownFileType = sourcecode.c.h; name = PLFColorPickerViewController.h; path = Classes/PLFColorPickerViewController.h; sourceTree = "<group>"; };
		03976ED518A71E33008FE84C /* PLFColorPickerViewController.m */ = {isa = PBXFileReference; fileEncoding = 4; lastKnownFileType = sourcecode.c.objc; name = PLFColorPickerViewController.m; path = Classes/PLFColorPickerViewController.m; sourceTree = "<group>"; };
		03976EDA18A71F87008FE84C /* ANImageBitmapRep.h */ = {isa = PBXFileReference; fileEncoding = 4; lastKnownFileType = sourcecode.c.h; path = ANImageBitmapRep.h; sourceTree = "<group>"; };
		03976EDB18A71F87008FE84C /* ANImageBitmapRep.m */ = {isa = PBXFileReference; fileEncoding = 4; lastKnownFileType = sourcecode.c.objc; path = ANImageBitmapRep.m; sourceTree = "<group>"; };
		03976EDC18A71F87008FE84C /* BitmapContextRep.h */ = {isa = PBXFileReference; fileEncoding = 4; lastKnownFileType = sourcecode.c.h; path = BitmapContextRep.h; sourceTree = "<group>"; };
		03976EDD18A71F87008FE84C /* BitmapContextRep.m */ = {isa = PBXFileReference; fileEncoding = 4; lastKnownFileType = sourcecode.c.objc; path = BitmapContextRep.m; sourceTree = "<group>"; };
		03976EDF18A71F87008FE84C /* NSImage+ANImageBitmapRep.h */ = {isa = PBXFileReference; fileEncoding = 4; lastKnownFileType = sourcecode.c.h; path = "NSImage+ANImageBitmapRep.h"; sourceTree = "<group>"; };
		03976EE018A71F87008FE84C /* NSImage+ANImageBitmapRep.m */ = {isa = PBXFileReference; fileEncoding = 4; lastKnownFileType = sourcecode.c.objc; path = "NSImage+ANImageBitmapRep.m"; sourceTree = "<group>"; };
		03976EE118A71F87008FE84C /* OSCommonImage.h */ = {isa = PBXFileReference; fileEncoding = 4; lastKnownFileType = sourcecode.c.h; path = OSCommonImage.h; sourceTree = "<group>"; };
		03976EE218A71F87008FE84C /* OSCommonImage.m */ = {isa = PBXFileReference; fileEncoding = 4; lastKnownFileType = sourcecode.c.objc; path = OSCommonImage.m; sourceTree = "<group>"; };
		03976EE318A71F87008FE84C /* UIImage+ANImageBitmapRep.h */ = {isa = PBXFileReference; fileEncoding = 4; lastKnownFileType = sourcecode.c.h; path = "UIImage+ANImageBitmapRep.h"; sourceTree = "<group>"; };
		03976EE418A71F87008FE84C /* UIImage+ANImageBitmapRep.m */ = {isa = PBXFileReference; fileEncoding = 4; lastKnownFileType = sourcecode.c.objc; path = "UIImage+ANImageBitmapRep.m"; sourceTree = "<group>"; };
		03976EE618A71F87008FE84C /* CGContextCreator.h */ = {isa = PBXFileReference; fileEncoding = 4; lastKnownFileType = sourcecode.c.h; path = CGContextCreator.h; sourceTree = "<group>"; };
		03976EE718A71F87008FE84C /* CGContextCreator.m */ = {isa = PBXFileReference; fileEncoding = 4; lastKnownFileType = sourcecode.c.objc; path = CGContextCreator.m; sourceTree = "<group>"; };
		03976EE818A71F87008FE84C /* CGImageContainer.h */ = {isa = PBXFileReference; fileEncoding = 4; lastKnownFileType = sourcecode.c.h; path = CGImageContainer.h; sourceTree = "<group>"; };
		03976EE918A71F87008FE84C /* CGImageContainer.m */ = {isa = PBXFileReference; fileEncoding = 4; lastKnownFileType = sourcecode.c.objc; path = CGImageContainer.m; sourceTree = "<group>"; };
		03976EEB18A71F87008FE84C /* BitmapContextManipulator.h */ = {isa = PBXFileReference; fileEncoding = 4; lastKnownFileType = sourcecode.c.h; path = BitmapContextManipulator.h; sourceTree = "<group>"; };
		03976EEC18A71F87008FE84C /* BitmapContextManipulator.m */ = {isa = PBXFileReference; fileEncoding = 4; lastKnownFileType = sourcecode.c.objc; path = BitmapContextManipulator.m; sourceTree = "<group>"; };
		03976EED18A71F87008FE84C /* BitmapCropManipulator.h */ = {isa = PBXFileReference; fileEncoding = 4; lastKnownFileType = sourcecode.c.h; path = BitmapCropManipulator.h; sourceTree = "<group>"; };
		03976EEE18A71F87008FE84C /* BitmapCropManipulator.m */ = {isa = PBXFileReference; fileEncoding = 4; lastKnownFileType = sourcecode.c.objc; path = BitmapCropManipulator.m; sourceTree = "<group>"; };
		03976EEF18A71F87008FE84C /* BitmapDrawManipulator.h */ = {isa = PBXFileReference; fileEncoding = 4; lastKnownFileType = sourcecode.c.h; path = BitmapDrawManipulator.h; sourceTree = "<group>"; };
		03976EF018A71F87008FE84C /* BitmapDrawManipulator.m */ = {isa = PBXFileReference; fileEncoding = 4; lastKnownFileType = sourcecode.c.objc; path = BitmapDrawManipulator.m; sourceTree = "<group>"; };
		03976EF118A71F87008FE84C /* BitmapRotationManipulator.h */ = {isa = PBXFileReference; fileEncoding = 4; lastKnownFileType = sourcecode.c.h; path = BitmapRotationManipulator.h; sourceTree = "<group>"; };
		03976EF218A71F87008FE84C /* BitmapRotationManipulator.m */ = {isa = PBXFileReference; fileEncoding = 4; lastKnownFileType = sourcecode.c.objc; path = BitmapRotationManipulator.m; sourceTree = "<group>"; };
		03976EF318A71F87008FE84C /* BitmapScaleManipulator.h */ = {isa = PBXFileReference; fileEncoding = 4; lastKnownFileType = sourcecode.c.h; path = BitmapScaleManipulator.h; sourceTree = "<group>"; };
		03976EF418A71F87008FE84C /* BitmapScaleManipulator.m */ = {isa = PBXFileReference; fileEncoding = 4; lastKnownFileType = sourcecode.c.objc; path = BitmapScaleManipulator.m; sourceTree = "<group>"; };
		03976EF518A71F87008FE84C /* BGRSLoupeLayer.h */ = {isa = PBXFileReference; fileEncoding = 4; lastKnownFileType = sourcecode.c.h; path = BGRSLoupeLayer.h; sourceTree = "<group>"; };
		03976EF618A71F87008FE84C /* BGRSLoupeLayer.m */ = {isa = PBXFileReference; fileEncoding = 4; lastKnownFileType = sourcecode.c.objc; path = BGRSLoupeLayer.m; sourceTree = "<group>"; };
		03976EF718A71F87008FE84C /* RSColorFunctions.h */ = {isa = PBXFileReference; fileEncoding = 4; lastKnownFileType = sourcecode.c.h; path = RSColorFunctions.h; sourceTree = "<group>"; };
		03976EF818A71F87008FE84C /* RSColorFunctions.m */ = {isa = PBXFileReference; fileEncoding = 4; lastKnownFileType = sourcecode.c.objc; path = RSColorFunctions.m; sourceTree = "<group>"; };
		03976EF918A71F87008FE84C /* RSColorPickerState.h */ = {isa = PBXFileReference; fileEncoding = 4; lastKnownFileType = sourcecode.c.h; path = RSColorPickerState.h; sourceTree = "<group>"; };
		03976EFA18A71F87008FE84C /* RSColorPickerState.m */ = {isa = PBXFileReference; fileEncoding = 4; lastKnownFileType = sourcecode.c.objc; path = RSColorPickerState.m; sourceTree = "<group>"; };
		03976EFB18A71F87008FE84C /* RSColorPickerView.h */ = {isa = PBXFileReference; fileEncoding = 4; lastKnownFileType = sourcecode.c.h; path = RSColorPickerView.h; sourceTree = "<group>"; };
		03976EFC18A71F87008FE84C /* RSColorPickerView.m */ = {isa = PBXFileReference; fileEncoding = 4; lastKnownFileType = sourcecode.c.objc; path = RSColorPickerView.m; sourceTree = "<group>"; };
		03976EFD18A71F87008FE84C /* RSGenerateOperation.h */ = {isa = PBXFileReference; fileEncoding = 4; lastKnownFileType = sourcecode.c.h; path = RSGenerateOperation.h; sourceTree = "<group>"; };
		03976EFE18A71F87008FE84C /* RSGenerateOperation.m */ = {isa = PBXFileReference; fileEncoding = 4; lastKnownFileType = sourcecode.c.objc; path = RSGenerateOperation.m; sourceTree = "<group>"; };
		03976EFF18A71F87008FE84C /* RSSelectionView.h */ = {isa = PBXFileReference; fileEncoding = 4; lastKnownFileType = sourcecode.c.h; path = RSSelectionView.h; sourceTree = "<group>"; };
		03976F0018A71F87008FE84C /* RSSelectionView.m */ = {isa = PBXFileReference; fileEncoding = 4; lastKnownFileType = sourcecode.c.objc; path = RSSelectionView.m; sourceTree = "<group>"; };
		03976F1318A73055008FE84C /* LIFXBulbStub.h */ = {isa = PBXFileReference; fileEncoding = 4; lastKnownFileType = sourcecode.c.h; name = LIFXBulbStub.h; path = Classes/LIFXBulbStub.h; sourceTree = "<group>"; };
		03976F1418A73055008FE84C /* LIFXBulbStub.m */ = {isa = PBXFileReference; fileEncoding = 4; lastKnownFileType = sourcecode.c.objc; name = LIFXBulbStub.m; path = Classes/LIFXBulbStub.m; sourceTree = "<group>"; };
		03976F1918A7342B008FE84C /* PLFBulbTableViewCell.h */ = {isa = PBXFileReference; fileEncoding = 4; lastKnownFileType = sourcecode.c.h; name = PLFBulbTableViewCell.h; path = Classes/PLFBulbTableViewCell.h; sourceTree = "<group>"; };
		03976F1A18A7342B008FE84C /* PLFBulbTableViewCell.m */ = {isa = PBXFileReference; fileEncoding = 4; lastKnownFileType = sourcecode.c.objc; name = PLFBulbTableViewCell.m; path = Classes/PLFBulbTableViewCell.m; sourceTree = "<group>"; };
/* End PBXFileReference section */

/* Begin PBXFrameworksBuildPhase section */
		032152E918A6F6E300C86159 /* Frameworks */ = {
			isa = PBXFrameworksBuildPhase;
			buildActionMask = 2147483647;
			files = (
				0321538718A7199A00C86159 /* libMantle-iOS.a in Frameworks */,
				0321534F18A6F8CA00C86159 /* MessageUI.framework in Frameworks */,
				0321534D18A6F8C500C86159 /* CoreMotion.framework in Frameworks */,
				0321534B18A6F8BC00C86159 /* CoreBluetooth.framework in Frameworks */,
				0321534918A6F8B700C86159 /* libz.dylib in Frameworks */,
				0321534718A6F8AD00C86159 /* ExternalAccessory.framework in Frameworks */,
				032152F218A6F6E300C86159 /* CoreGraphics.framework in Frameworks */,
				0321534518A6F85C00C86159 /* PebbleVendor.framework in Frameworks */,
				0321534418A6F85C00C86159 /* PebbleKit.framework in Frameworks */,
				032152F418A6F6E300C86159 /* UIKit.framework in Frameworks */,
				032152F018A6F6E300C86159 /* Foundation.framework in Frameworks */,
			);
			runOnlyForDeploymentPostprocessing = 0;
		};
		0321530A18A6F6E300C86159 /* Frameworks */ = {
			isa = PBXFrameworksBuildPhase;
			buildActionMask = 2147483647;
			files = (
				0321530F18A6F6E300C86159 /* XCTest.framework in Frameworks */,
				0321531118A6F6E300C86159 /* UIKit.framework in Frameworks */,
				0321531018A6F6E300C86159 /* Foundation.framework in Frameworks */,
			);
			runOnlyForDeploymentPostprocessing = 0;
		};
/* End PBXFrameworksBuildPhase section */

/* Begin PBXGroup section */
		032152E318A6F6E300C86159 = {
			isa = PBXGroup;
			children = (
				032152F518A6F6E300C86159 /* PebbleLIFX */,
				0321531418A6F6E300C86159 /* PebbleLIFXTests */,
				032152EE18A6F6E300C86159 /* Frameworks */,
				032152ED18A6F6E300C86159 /* Products */,
			);
			sourceTree = "<group>";
		};
		032152ED18A6F6E300C86159 /* Products */ = {
			isa = PBXGroup;
			children = (
				032152EC18A6F6E300C86159 /* PebbleLIFX.app */,
				0321530D18A6F6E300C86159 /* PebbleLIFXTests.xctest */,
			);
			name = Products;
			sourceTree = "<group>";
		};
		032152EE18A6F6E300C86159 /* Frameworks */ = {
			isa = PBXGroup;
			children = (
				0321534E18A6F8CA00C86159 /* MessageUI.framework */,
				0321534C18A6F8C500C86159 /* CoreMotion.framework */,
				0321534A18A6F8BC00C86159 /* CoreBluetooth.framework */,
				0321534818A6F8B700C86159 /* libz.dylib */,
				0321534618A6F8AD00C86159 /* ExternalAccessory.framework */,
				0321534218A6F85C00C86159 /* PebbleKit.framework */,
				0321534318A6F85C00C86159 /* PebbleVendor.framework */,
				032152EF18A6F6E300C86159 /* Foundation.framework */,
				032152F118A6F6E300C86159 /* CoreGraphics.framework */,
				032152F318A6F6E300C86159 /* UIKit.framework */,
				0321530E18A6F6E300C86159 /* XCTest.framework */,
			);
			name = Frameworks;
			sourceTree = "<group>";
		};
		032152F518A6F6E300C86159 /* PebbleLIFX */ = {
			isa = PBXGroup;
			children = (
				0321532418A6F82700C86159 /* External */,
				0321530118A6F6E300C86159 /* Main.storyboard */,
				0321536B18A7140500C86159 /* PLFAppDelegate.h */,
				0321536C18A7140500C86159 /* PLFAppDelegate.m */,
				0321536818A713FC00C86159 /* PLFViewController.h */,
				0321536918A713FC00C86159 /* PLFViewController.m */,
				0321535018A6FB4C00C86159 /* PLFConnectedTableViewCell.h */,
				0321535118A6FB4C00C86159 /* PLFConnectedTableViewCell.m */,
				0321535318A6FD2800C86159 /* PLFColor.h */,
				0321535418A6FD2800C86159 /* PLFColor.m */,
				0321536518A713F500C86159 /* PLFColorView.h */,
				0321536618A713F500C86159 /* PLFColorView.m */,
				0321535918A704C600C86159 /* PLFColorTableViewCell.h */,
				0321535A18A704C600C86159 /* PLFColorTableViewCell.m */,
				0321535C18A70D1800C86159 /* PLFSettingsViewController.h */,
				0321535D18A70D1800C86159 /* PLFSettingsViewController.m */,
				0321536218A713DF00C86159 /* PLFSettingTableViewCell.h */,
				0321536318A713DF00C86159 /* PLFSettingTableViewCell.m */,
				0321536E18A7170100C86159 /* NSUserDefaults+PLFPreferences.h */,
				0321536F18A7170100C86159 /* NSUserDefaults+PLFPreferences.m */,
				0321538A18A71BFD00C86159 /* LIFXSessionManager.h */,
				0321538B18A71BFD00C86159 /* LIFXSessionManager.m */,
				03976ED418A71E33008FE84C /* PLFColorPickerViewController.h */,
				03976ED518A71E33008FE84C /* PLFColorPickerViewController.m */,
				03976F1318A73055008FE84C /* LIFXBulbStub.h */,
				03976F1418A73055008FE84C /* LIFXBulbStub.m */,
				03976F1918A7342B008FE84C /* PLFBulbTableViewCell.h */,
				03976F1A18A7342B008FE84C /* PLFBulbTableViewCell.m */,
				0321530718A6F6E300C86159 /* Images.xcassets */,
				032152F618A6F6E300C86159 /* Supporting Files */,
			);
			path = PebbleLIFX;
			sourceTree = "<group>";
		};
		032152F618A6F6E300C86159 /* Supporting Files */ = {
			isa = PBXGroup;
			children = (
				032152F718A6F6E300C86159 /* PebbleLIFX-Info.plist */,
				032152F818A6F6E300C86159 /* InfoPlist.strings */,
				032152FB18A6F6E300C86159 /* main.m */,
				032152FD18A6F6E300C86159 /* PebbleLIFX-Prefix.pch */,
				0321535F18A7139A00C86159 /* Localizable.strings */,
				0321537118A7178100C86159 /* Defaults.plist */,
			);
			name = "Supporting Files";
			sourceTree = "<group>";
		};
		0321531418A6F6E300C86159 /* PebbleLIFXTests */ = {
			isa = PBXGroup;
			children = (
				0321531A18A6F6E300C86159 /* PebbleLIFXTests.m */,
				0321531518A6F6E300C86159 /* Supporting Files */,
			);
			path = PebbleLIFXTests;
			sourceTree = "<group>";
		};
		0321531518A6F6E300C86159 /* Supporting Files */ = {
			isa = PBXGroup;
			children = (
				0321531618A6F6E300C86159 /* PebbleLIFXTests-Info.plist */,
				0321531718A6F6E300C86159 /* InfoPlist.strings */,
			);
			name = "Supporting Files";
			sourceTree = "<group>";
		};
		0321532418A6F82700C86159 /* External */ = {
			isa = PBXGroup;
			children = (
				03976ED818A71F87008FE84C /* RSColorPicker */,
				0321537318A7197900C86159 /* Mantle.xcodeproj */,
				0321532518A6F84600C86159 /* AFNetworking */,
			);
			name = External;
			sourceTree = "<group>";
		};
		0321532518A6F84600C86159 /* AFNetworking */ = {
			isa = PBXGroup;
			children = (
				0321532618A6F84600C86159 /* AFHTTPRequestOperation.h */,
				0321532718A6F84600C86159 /* AFHTTPRequestOperation.m */,
				0321532818A6F84600C86159 /* AFHTTPRequestOperationManager.h */,
				0321532918A6F84600C86159 /* AFHTTPRequestOperationManager.m */,
				0321532A18A6F84600C86159 /* AFHTTPSessionManager.h */,
				0321532B18A6F84600C86159 /* AFHTTPSessionManager.m */,
				0321532C18A6F84600C86159 /* AFNetworking.h */,
				0321532D18A6F84600C86159 /* AFNetworkReachabilityManager.h */,
				0321532E18A6F84600C86159 /* AFNetworkReachabilityManager.m */,
				0321532F18A6F84600C86159 /* AFSecurityPolicy.h */,
				0321533018A6F84600C86159 /* AFSecurityPolicy.m */,
				0321533118A6F84600C86159 /* AFURLConnectionOperation.h */,
				0321533218A6F84600C86159 /* AFURLConnectionOperation.m */,
				0321533318A6F84600C86159 /* AFURLRequestSerialization.h */,
				0321533418A6F84600C86159 /* AFURLRequestSerialization.m */,
				0321533518A6F84600C86159 /* AFURLResponseSerialization.h */,
				0321533618A6F84600C86159 /* AFURLResponseSerialization.m */,
				0321533718A6F84600C86159 /* AFURLSessionManager.h */,
				0321533818A6F84600C86159 /* AFURLSessionManager.m */,
			);
			name = AFNetworking;
			path = External/AFNetworking/AFNetworking;
			sourceTree = SOURCE_ROOT;
		};
		0321537418A7197900C86159 /* Products */ = {
			isa = PBXGroup;
			children = (
				0321537E18A7197900C86159 /* Mantle.framework */,
				0321538018A7197900C86159 /* Mantle Tests.octest */,
				0321538218A7197900C86159 /* libMantle-iOS.a */,
				0321538418A7197900C86159 /* Mantle-iOS Tests.octest */,
				0321538618A7197900C86159 /* libMantle-Mac.a */,
			);
			name = Products;
			sourceTree = "<group>";
		};
		03976ED818A71F87008FE84C /* RSColorPicker */ = {
			isa = PBXGroup;
			children = (
				03976ED918A71F87008FE84C /* ANImageBitmapRep */,
				03976EF518A71F87008FE84C /* BGRSLoupeLayer.h */,
				03976EF618A71F87008FE84C /* BGRSLoupeLayer.m */,
				03976EF718A71F87008FE84C /* RSColorFunctions.h */,
				03976EF818A71F87008FE84C /* RSColorFunctions.m */,
				03976EF918A71F87008FE84C /* RSColorPickerState.h */,
				03976EFA18A71F87008FE84C /* RSColorPickerState.m */,
				03976EFB18A71F87008FE84C /* RSColorPickerView.h */,
				03976EFC18A71F87008FE84C /* RSColorPickerView.m */,
				03976EFD18A71F87008FE84C /* RSGenerateOperation.h */,
				03976EFE18A71F87008FE84C /* RSGenerateOperation.m */,
				03976EFF18A71F87008FE84C /* RSSelectionView.h */,
				03976F0018A71F87008FE84C /* RSSelectionView.m */,
			);
			name = RSColorPicker;
			path = External/RSColorPicker/RSColorPicker/ColorPickerClasses;
			sourceTree = SOURCE_ROOT;
		};
		03976ED918A71F87008FE84C /* ANImageBitmapRep */ = {
			isa = PBXGroup;
			children = (
				03976EDA18A71F87008FE84C /* ANImageBitmapRep.h */,
				03976EDB18A71F87008FE84C /* ANImageBitmapRep.m */,
				03976EDC18A71F87008FE84C /* BitmapContextRep.h */,
				03976EDD18A71F87008FE84C /* BitmapContextRep.m */,
				03976EDE18A71F87008FE84C /* Compatibility */,
				03976EE518A71F87008FE84C /* CoreGraphics */,
				03976EEA18A71F87008FE84C /* Manipulators */,
			);
			path = ANImageBitmapRep;
			sourceTree = "<group>";
		};
		03976EDE18A71F87008FE84C /* Compatibility */ = {
			isa = PBXGroup;
			children = (
				03976EDF18A71F87008FE84C /* NSImage+ANImageBitmapRep.h */,
				03976EE018A71F87008FE84C /* NSImage+ANImageBitmapRep.m */,
				03976EE118A71F87008FE84C /* OSCommonImage.h */,
				03976EE218A71F87008FE84C /* OSCommonImage.m */,
				03976EE318A71F87008FE84C /* UIImage+ANImageBitmapRep.h */,
				03976EE418A71F87008FE84C /* UIImage+ANImageBitmapRep.m */,
			);
			path = Compatibility;
			sourceTree = "<group>";
		};
		03976EE518A71F87008FE84C /* CoreGraphics */ = {
			isa = PBXGroup;
			children = (
				03976EE618A71F87008FE84C /* CGContextCreator.h */,
				03976EE718A71F87008FE84C /* CGContextCreator.m */,
				03976EE818A71F87008FE84C /* CGImageContainer.h */,
				03976EE918A71F87008FE84C /* CGImageContainer.m */,
			);
			path = CoreGraphics;
			sourceTree = "<group>";
		};
		03976EEA18A71F87008FE84C /* Manipulators */ = {
			isa = PBXGroup;
			children = (
				03976EEB18A71F87008FE84C /* BitmapContextManipulator.h */,
				03976EEC18A71F87008FE84C /* BitmapContextManipulator.m */,
				03976EED18A71F87008FE84C /* BitmapCropManipulator.h */,
				03976EEE18A71F87008FE84C /* BitmapCropManipulator.m */,
				03976EEF18A71F87008FE84C /* BitmapDrawManipulator.h */,
				03976EF018A71F87008FE84C /* BitmapDrawManipulator.m */,
				03976EF118A71F87008FE84C /* BitmapRotationManipulator.h */,
				03976EF218A71F87008FE84C /* BitmapRotationManipulator.m */,
				03976EF318A71F87008FE84C /* BitmapScaleManipulator.h */,
				03976EF418A71F87008FE84C /* BitmapScaleManipulator.m */,
			);
			path = Manipulators;
			sourceTree = "<group>";
		};
/* End PBXGroup section */

/* Begin PBXNativeTarget section */
		032152EB18A6F6E300C86159 /* PebbleLIFX */ = {
			isa = PBXNativeTarget;
			buildConfigurationList = 0321531E18A6F6E300C86159 /* Build configuration list for PBXNativeTarget "PebbleLIFX" */;
			buildPhases = (
				032152E818A6F6E300C86159 /* Sources */,
				032152E918A6F6E300C86159 /* Frameworks */,
				032152EA18A6F6E300C86159 /* Resources */,
			);
			buildRules = (
			);
			dependencies = (
				0321538918A71B4800C86159 /* PBXTargetDependency */,
			);
			name = PebbleLIFX;
			productName = PebbleLIFX;
			productReference = 032152EC18A6F6E300C86159 /* PebbleLIFX.app */;
			productType = "com.apple.product-type.application";
		};
		0321530C18A6F6E300C86159 /* PebbleLIFXTests */ = {
			isa = PBXNativeTarget;
			buildConfigurationList = 0321532118A6F6E300C86159 /* Build configuration list for PBXNativeTarget "PebbleLIFXTests" */;
			buildPhases = (
				0321530918A6F6E300C86159 /* Sources */,
				0321530A18A6F6E300C86159 /* Frameworks */,
				0321530B18A6F6E300C86159 /* Resources */,
			);
			buildRules = (
			);
			dependencies = (
				0321531318A6F6E300C86159 /* PBXTargetDependency */,
			);
			name = PebbleLIFXTests;
			productName = PebbleLIFXTests;
			productReference = 0321530D18A6F6E300C86159 /* PebbleLIFXTests.xctest */;
			productType = "com.apple.product-type.bundle.unit-test";
		};
/* End PBXNativeTarget section */

/* Begin PBXProject section */
		032152E418A6F6E300C86159 /* Project object */ = {
			isa = PBXProject;
			attributes = {
				CLASSPREFIX = PLF;
				LastUpgradeCheck = 0510;
				ORGANIZATIONNAME = "Indragie Karunaratne";
				TargetAttributes = {
					0321530C18A6F6E300C86159 = {
						TestTargetID = 032152EB18A6F6E300C86159;
					};
				};
			};
			buildConfigurationList = 032152E718A6F6E300C86159 /* Build configuration list for PBXProject "PebbleLIFX" */;
			compatibilityVersion = "Xcode 3.2";
			developmentRegion = English;
			hasScannedForEncodings = 0;
			knownRegions = (
				en,
				Base,
			);
			mainGroup = 032152E318A6F6E300C86159;
			productRefGroup = 032152ED18A6F6E300C86159 /* Products */;
			projectDirPath = "";
			projectReferences = (
				{
					ProductGroup = 0321537418A7197900C86159 /* Products */;
					ProjectRef = 0321537318A7197900C86159 /* Mantle.xcodeproj */;
				},
			);
			projectRoot = "";
			targets = (
				032152EB18A6F6E300C86159 /* PebbleLIFX */,
				0321530C18A6F6E300C86159 /* PebbleLIFXTests */,
			);
		};
/* End PBXProject section */

/* Begin PBXReferenceProxy section */
		0321537E18A7197900C86159 /* Mantle.framework */ = {
			isa = PBXReferenceProxy;
			fileType = wrapper.framework;
			path = Mantle.framework;
			remoteRef = 0321537D18A7197900C86159 /* PBXContainerItemProxy */;
			sourceTree = BUILT_PRODUCTS_DIR;
		};
		0321538018A7197900C86159 /* Mantle Tests.octest */ = {
			isa = PBXReferenceProxy;
			fileType = wrapper.cfbundle;
			path = "Mantle Tests.octest";
			remoteRef = 0321537F18A7197900C86159 /* PBXContainerItemProxy */;
			sourceTree = BUILT_PRODUCTS_DIR;
		};
		0321538218A7197900C86159 /* libMantle-iOS.a */ = {
			isa = PBXReferenceProxy;
			fileType = archive.ar;
			path = "libMantle-iOS.a";
			remoteRef = 0321538118A7197900C86159 /* PBXContainerItemProxy */;
			sourceTree = BUILT_PRODUCTS_DIR;
		};
		0321538418A7197900C86159 /* Mantle-iOS Tests.octest */ = {
			isa = PBXReferenceProxy;
			fileType = wrapper.cfbundle;
			path = "Mantle-iOS Tests.octest";
			remoteRef = 0321538318A7197900C86159 /* PBXContainerItemProxy */;
			sourceTree = BUILT_PRODUCTS_DIR;
		};
		0321538618A7197900C86159 /* libMantle-Mac.a */ = {
			isa = PBXReferenceProxy;
			fileType = archive.ar;
			path = "libMantle-Mac.a";
			remoteRef = 0321538518A7197900C86159 /* PBXContainerItemProxy */;
			sourceTree = BUILT_PRODUCTS_DIR;
		};
/* End PBXReferenceProxy section */

/* Begin PBXResourcesBuildPhase section */
		032152EA18A6F6E300C86159 /* Resources */ = {
			isa = PBXResourcesBuildPhase;
			buildActionMask = 2147483647;
			files = (
				0321530818A6F6E300C86159 /* Images.xcassets in Resources */,
				0321536118A7139A00C86159 /* Localizable.strings in Resources */,
				0321537218A7178100C86159 /* Defaults.plist in Resources */,
				032152FA18A6F6E300C86159 /* InfoPlist.strings in Resources */,
				0321530318A6F6E300C86159 /* Main.storyboard in Resources */,
			);
			runOnlyForDeploymentPostprocessing = 0;
		};
		0321530B18A6F6E300C86159 /* Resources */ = {
			isa = PBXResourcesBuildPhase;
			buildActionMask = 2147483647;
			files = (
				0321531918A6F6E300C86159 /* InfoPlist.strings in Resources */,
			);
			runOnlyForDeploymentPostprocessing = 0;
		};
/* End PBXResourcesBuildPhase section */

/* Begin PBXSourcesBuildPhase section */
		032152E818A6F6E300C86159 /* Sources */ = {
			isa = PBXSourcesBuildPhase;
			buildActionMask = 2147483647;
			files = (
				03976F0218A71F87008FE84C /* BitmapContextRep.m in Sources */,
				0321535218A6FB4C00C86159 /* PLFConnectedTableViewCell.m in Sources */,
				03976F0318A71F87008FE84C /* NSImage+ANImageBitmapRep.m in Sources */,
				03976F0118A71F87008FE84C /* ANImageBitmapRep.m in Sources */,
				0321533918A6F84600C86159 /* AFHTTPRequestOperation.m in Sources */,
				0321533A18A6F84600C86159 /* AFHTTPRequestOperationManager.m in Sources */,
				0321533C18A6F84600C86159 /* AFNetworkReachabilityManager.m in Sources */,
				03976F0618A71F87008FE84C /* CGContextCreator.m in Sources */,
				03976F0C18A71F87008FE84C /* BitmapScaleManipulator.m in Sources */,
				0321537018A7170100C86159 /* NSUserDefaults+PLFPreferences.m in Sources */,
				03976F0F18A71F87008FE84C /* RSColorPickerState.m in Sources */,
				03976F0A18A71F87008FE84C /* BitmapDrawManipulator.m in Sources */,
				0321534018A6F84600C86159 /* AFURLResponseSerialization.m in Sources */,
				0321535B18A704C600C86159 /* PLFColorTableViewCell.m in Sources */,
				03976F0E18A71F87008FE84C /* RSColorFunctions.m in Sources */,
				0321536718A713F500C86159 /* PLFColorView.m in Sources */,
				03976F0518A71F87008FE84C /* UIImage+ANImageBitmapRep.m in Sources */,
				0321536418A713DF00C86159 /* PLFSettingTableViewCell.m in Sources */,
				03976F0B18A71F87008FE84C /* BitmapRotationManipulator.m in Sources */,
				03976F1118A71F87008FE84C /* RSGenerateOperation.m in Sources */,
				0321535E18A70D1800C86159 /* PLFSettingsViewController.m in Sources */,
				0321533E18A6F84600C86159 /* AFURLConnectionOperation.m in Sources */,
				0321533D18A6F84600C86159 /* AFSecurityPolicy.m in Sources */,
				0321535518A6FD2800C86159 /* PLFColor.m in Sources */,
				03976ED618A71E34008FE84C /* PLFColorPickerViewController.m in Sources */,
				03976F0918A71F87008FE84C /* BitmapCropManipulator.m in Sources */,
				03976F1218A71F87008FE84C /* RSSelectionView.m in Sources */,
				03976F1B18A7342B008FE84C /* PLFBulbTableViewCell.m in Sources */,
				03976F0418A71F87008FE84C /* OSCommonImage.m in Sources */,
				0321538C18A71BFD00C86159 /* LIFXSessionManager.m in Sources */,
				0321533B18A6F84600C86159 /* AFHTTPSessionManager.m in Sources */,
				0321536D18A7140500C86159 /* PLFAppDelegate.m in Sources */,
				03976F1518A73055008FE84C /* LIFXBulbStub.m in Sources */,
				0321533F18A6F84600C86159 /* AFURLRequestSerialization.m in Sources */,
				03976F0818A71F87008FE84C /* BitmapContextManipulator.m in Sources */,
				0321534118A6F84600C86159 /* AFURLSessionManager.m in Sources */,
				03976F1018A71F87008FE84C /* RSColorPickerView.m in Sources */,
				03976F0718A71F87008FE84C /* CGImageContainer.m in Sources */,
				0321536A18A713FC00C86159 /* PLFViewController.m in Sources */,
				032152FC18A6F6E300C86159 /* main.m in Sources */,
				03976F0D18A71F87008FE84C /* BGRSLoupeLayer.m in Sources */,
			);
			runOnlyForDeploymentPostprocessing = 0;
		};
		0321530918A6F6E300C86159 /* Sources */ = {
			isa = PBXSourcesBuildPhase;
			buildActionMask = 2147483647;
			files = (
				0321531B18A6F6E300C86159 /* PebbleLIFXTests.m in Sources */,
			);
			runOnlyForDeploymentPostprocessing = 0;
		};
/* End PBXSourcesBuildPhase section */

/* Begin PBXTargetDependency section */
		0321531318A6F6E300C86159 /* PBXTargetDependency */ = {
			isa = PBXTargetDependency;
			target = 032152EB18A6F6E300C86159 /* PebbleLIFX */;
			targetProxy = 0321531218A6F6E300C86159 /* PBXContainerItemProxy */;
		};
		0321538918A71B4800C86159 /* PBXTargetDependency */ = {
			isa = PBXTargetDependency;
			name = "Mantle-iOS";
			targetProxy = 0321538818A71B4800C86159 /* PBXContainerItemProxy */;
		};
/* End PBXTargetDependency section */

/* Begin PBXVariantGroup section */
		032152F818A6F6E300C86159 /* InfoPlist.strings */ = {
			isa = PBXVariantGroup;
			children = (
				032152F918A6F6E300C86159 /* en */,
			);
			name = InfoPlist.strings;
			sourceTree = "<group>";
		};
		0321530118A6F6E300C86159 /* Main.storyboard */ = {
			isa = PBXVariantGroup;
			children = (
				0321530218A6F6E300C86159 /* Base */,
			);
			name = Main.storyboard;
			sourceTree = "<group>";
		};
		0321531718A6F6E300C86159 /* InfoPlist.strings */ = {
			isa = PBXVariantGroup;
			children = (
				0321531818A6F6E300C86159 /* en */,
			);
			name = InfoPlist.strings;
			sourceTree = "<group>";
		};
		0321535F18A7139A00C86159 /* Localizable.strings */ = {
			isa = PBXVariantGroup;
			children = (
				0321536018A7139A00C86159 /* en */,
			);
			name = Localizable.strings;
			sourceTree = "<group>";
		};
/* End PBXVariantGroup section */

/* Begin XCBuildConfiguration section */
		0321531C18A6F6E300C86159 /* Debug */ = {
			isa = XCBuildConfiguration;
			buildSettings = {
				ALWAYS_SEARCH_USER_PATHS = NO;
				CLANG_CXX_LANGUAGE_STANDARD = "gnu++0x";
				CLANG_CXX_LIBRARY = "libc++";
				CLANG_ENABLE_MODULES = YES;
				CLANG_ENABLE_OBJC_ARC = YES;
				CLANG_WARN_BOOL_CONVERSION = YES;
				CLANG_WARN_CONSTANT_CONVERSION = YES;
				CLANG_WARN_DIRECT_OBJC_ISA_USAGE = YES_ERROR;
				CLANG_WARN_EMPTY_BODY = YES;
				CLANG_WARN_ENUM_CONVERSION = YES;
				CLANG_WARN_INT_CONVERSION = YES;
				CLANG_WARN_OBJC_ROOT_CLASS = YES_ERROR;
				CLANG_WARN__DUPLICATE_METHOD_MATCH = YES;
				"CODE_SIGN_IDENTITY[sdk=iphoneos*]" = "iPhone Developer";
				COPY_PHASE_STRIP = NO;
				GCC_C_LANGUAGE_STANDARD = gnu99;
				GCC_DYNAMIC_NO_PIC = NO;
				GCC_OPTIMIZATION_LEVEL = 0;
				GCC_PREPROCESSOR_DEFINITIONS = (
					"DEBUG=1",
					"$(inherited)",
				);
				GCC_SYMBOLS_PRIVATE_EXTERN = NO;
				GCC_WARN_64_TO_32_BIT_CONVERSION = YES;
				GCC_WARN_ABOUT_RETURN_TYPE = YES_ERROR;
				GCC_WARN_UNDECLARED_SELECTOR = YES;
				GCC_WARN_UNINITIALIZED_AUTOS = YES_AGGRESSIVE;
				GCC_WARN_UNUSED_FUNCTION = YES;
				GCC_WARN_UNUSED_VARIABLE = YES;
				IPHONEOS_DEPLOYMENT_TARGET = 7.1;
				ONLY_ACTIVE_ARCH = YES;
				SDKROOT = iphoneos;
			};
			name = Debug;
		};
		0321531D18A6F6E300C86159 /* Release */ = {
			isa = XCBuildConfiguration;
			buildSettings = {
				ALWAYS_SEARCH_USER_PATHS = NO;
				CLANG_CXX_LANGUAGE_STANDARD = "gnu++0x";
				CLANG_CXX_LIBRARY = "libc++";
				CLANG_ENABLE_MODULES = YES;
				CLANG_ENABLE_OBJC_ARC = YES;
				CLANG_WARN_BOOL_CONVERSION = YES;
				CLANG_WARN_CONSTANT_CONVERSION = YES;
				CLANG_WARN_DIRECT_OBJC_ISA_USAGE = YES_ERROR;
				CLANG_WARN_EMPTY_BODY = YES;
				CLANG_WARN_ENUM_CONVERSION = YES;
				CLANG_WARN_INT_CONVERSION = YES;
				CLANG_WARN_OBJC_ROOT_CLASS = YES_ERROR;
				CLANG_WARN__DUPLICATE_METHOD_MATCH = YES;
				"CODE_SIGN_IDENTITY[sdk=iphoneos*]" = "iPhone Developer";
				COPY_PHASE_STRIP = YES;
				ENABLE_NS_ASSERTIONS = NO;
				GCC_C_LANGUAGE_STANDARD = gnu99;
				GCC_WARN_64_TO_32_BIT_CONVERSION = YES;
				GCC_WARN_ABOUT_RETURN_TYPE = YES_ERROR;
				GCC_WARN_UNDECLARED_SELECTOR = YES;
				GCC_WARN_UNINITIALIZED_AUTOS = YES_AGGRESSIVE;
				GCC_WARN_UNUSED_FUNCTION = YES;
				GCC_WARN_UNUSED_VARIABLE = YES;
				IPHONEOS_DEPLOYMENT_TARGET = 7.1;
				SDKROOT = iphoneos;
				VALIDATE_PRODUCT = YES;
			};
			name = Release;
		};
		0321531F18A6F6E300C86159 /* Debug */ = {
			isa = XCBuildConfiguration;
			buildSettings = {
				ASSETCATALOG_COMPILER_APPICON_NAME = AppIcon;
				ASSETCATALOG_COMPILER_LAUNCHIMAGE_NAME = LaunchImage;
				FRAMEWORK_SEARCH_PATHS = (
					"$(inherited)",
					"$(PROJECT_DIR)/External",
				);
				GCC_PRECOMPILE_PREFIX_HEADER = YES;
				GCC_PREFIX_HEADER = "PebbleLIFX/PebbleLIFX-Prefix.pch";
				HEADER_SEARCH_PATHS = (
					"$(inherited)",
					"/Applications/Xcode51-Beta5.app/Contents/Developer/Toolchains/XcodeDefault.xctoolchain/usr/include",
					"\"$(BUILD_ROOT)/../IntermediateBuildFilesPath/UninstalledProducts/include\"",
					"$(inherited)",
					"$(SRCROOT)",
				);
				INFOPLIST_FILE = "PebbleLIFX/PebbleLIFX-Info.plist";
				OTHER_LDFLAGS = "-ObjC";
				PRODUCT_NAME = "$(TARGET_NAME)";
				WRAPPER_EXTENSION = app;
			};
			name = Debug;
		};
		0321532018A6F6E300C86159 /* Release */ = {
			isa = XCBuildConfiguration;
			buildSettings = {
				ASSETCATALOG_COMPILER_APPICON_NAME = AppIcon;
				ASSETCATALOG_COMPILER_LAUNCHIMAGE_NAME = LaunchImage;
				FRAMEWORK_SEARCH_PATHS = (
					"$(inherited)",
					"$(PROJECT_DIR)/External",
				);
				GCC_PRECOMPILE_PREFIX_HEADER = YES;
				GCC_PREFIX_HEADER = "PebbleLIFX/PebbleLIFX-Prefix.pch";
				HEADER_SEARCH_PATHS = (
					"$(inherited)",
					"/Applications/Xcode51-Beta5.app/Contents/Developer/Toolchains/XcodeDefault.xctoolchain/usr/include",
					"\"$(BUILD_ROOT)/../IntermediateBuildFilesPath/UninstalledProducts/include\"",
					"$(inherited)",
					"$(SRCROOT)",
				);
				INFOPLIST_FILE = "PebbleLIFX/PebbleLIFX-Info.plist";
				OTHER_LDFLAGS = "-ObjC";
				PRODUCT_NAME = "$(TARGET_NAME)";
				WRAPPER_EXTENSION = app;
			};
			name = Release;
		};
		0321532218A6F6E300C86159 /* Debug */ = {
			isa = XCBuildConfiguration;
			buildSettings = {
				BUNDLE_LOADER = "$(BUILT_PRODUCTS_DIR)/PebbleLIFX.app/PebbleLIFX";
				FRAMEWORK_SEARCH_PATHS = (
					"$(SDKROOT)/Developer/Library/Frameworks",
					"$(inherited)",
					"$(DEVELOPER_FRAMEWORKS_DIR)",
				);
				GCC_PRECOMPILE_PREFIX_HEADER = YES;
				GCC_PREFIX_HEADER = "PebbleLIFX/PebbleLIFX-Prefix.pch";
				GCC_PREPROCESSOR_DEFINITIONS = (
					"DEBUG=1",
					"$(inherited)",
				);
				INFOPLIST_FILE = "PebbleLIFXTests/PebbleLIFXTests-Info.plist";
				PRODUCT_NAME = "$(TARGET_NAME)";
				TEST_HOST = "$(BUNDLE_LOADER)";
				WRAPPER_EXTENSION = xctest;
			};
			name = Debug;
		};
		0321532318A6F6E300C86159 /* Release */ = {
			isa = XCBuildConfiguration;
			buildSettings = {
				BUNDLE_LOADER = "$(BUILT_PRODUCTS_DIR)/PebbleLIFX.app/PebbleLIFX";
				FRAMEWORK_SEARCH_PATHS = (
					"$(SDKROOT)/Developer/Library/Frameworks",
					"$(inherited)",
					"$(DEVELOPER_FRAMEWORKS_DIR)",
				);
				GCC_PRECOMPILE_PREFIX_HEADER = YES;
				GCC_PREFIX_HEADER = "PebbleLIFX/PebbleLIFX-Prefix.pch";
				INFOPLIST_FILE = "PebbleLIFXTests/PebbleLIFXTests-Info.plist";
				PRODUCT_NAME = "$(TARGET_NAME)";
				TEST_HOST = "$(BUNDLE_LOADER)";
				WRAPPER_EXTENSION = xctest;
			};
			name = Release;
		};
/* End XCBuildConfiguration section */

/* Begin XCConfigurationList section */
		032152E718A6F6E300C86159 /* Build configuration list for PBXProject "PebbleLIFX" */ = {
			isa = XCConfigurationList;
			buildConfigurations = (
				0321531C18A6F6E300C86159 /* Debug */,
				0321531D18A6F6E300C86159 /* Release */,
			);
			defaultConfigurationIsVisible = 0;
			defaultConfigurationName = Release;
		};
		0321531E18A6F6E300C86159 /* Build configuration list for PBXNativeTarget "PebbleLIFX" */ = {
			isa = XCConfigurationList;
			buildConfigurations = (
				0321531F18A6F6E300C86159 /* Debug */,
				0321532018A6F6E300C86159 /* Release */,
			);
			defaultConfigurationIsVisible = 0;
			defaultConfigurationName = Release;
		};
		0321532118A6F6E300C86159 /* Build configuration list for PBXNativeTarget "PebbleLIFXTests" */ = {
			isa = XCConfigurationList;
			buildConfigurations = (
				0321532218A6F6E300C86159 /* Debug */,
				0321532318A6F6E300C86159 /* Release */,
			);
			defaultConfigurationIsVisible = 0;
			defaultConfigurationName = Release;
		};
/* End XCConfigurationList section */
	};
	rootObject = 032152E418A6F6E300C86159 /* Project object */;
}
